
Microsoft Visual Studio Solution File, Format Version 12.00
# Visual Studio Version 16
VisualStudioVersion = 16.0.29806.167
MinimumVisualStudioVersion = 10.0.40219.1
Project("{9A19103F-16F7-4668-BE54-9A1E7A4F7556}") = "BarDecoder", "ConsoleApp2\BarDecoder.csproj", "{7468DE0F-AD43-426F-87CC-714B71CAA863}"
EndProject
Global
	GlobalSection(SolutionConfigurationPlatforms) = preSolution
		Debug|Any CPU = Debug|Any CPU
		Release|Any CPU = Release|Any CPU
	EndGlobalSection
	GlobalSection(ProjectConfigurationPlatforms) = postSolution
		{7468DE0F-AD43-426F-87CC-714B71CAA863}.Debug|Any CPU.ActiveCfg = Debug|Any CPU
		{7468DE0F-AD43-426F-87CC-714B71CAA863}.Debug|Any CPU.Build.0 = Debug|Any CPU
		{7468DE0F-AD43-426F-87CC-714B71CAA863}.Release|Any CPU.ActiveCfg = Release|Any CPU
		{7468DE0F-AD43-426F-87CC-714B71CAA863}.Release|Any CPU.Build.0 = Release|Any CPU
	EndGlobalSection
	GlobalSection(SolutionProperties) = preSolution
		HideSolutionNode = FALSE
	EndGlobalSection
	GlobalSection(ExtensibilityGlobals) = postSolution
		SolutionGuid = {7009CEFA-67D5-4A1A-B230-03DB7BE47C7F}
	EndGlobalSection
EndGlobal
